
Microsoft Visual Studio Solution File, Format Version 12.00
# Visual Studio Version 17
VisualStudioVersion = 17.12.35514.174
MinimumVisualStudioVersion = 10.0.40219.1
Project("{B7DD6F7E-DEF8-4E67-B5B7-07EF123DB6F0}") = "Wixtoolset5MSI", "Wixtoolset5MSI\Wixtoolset5MSI.wixproj", "{9506887B-1039-4DA6-9C4A-347FFA4A4637}"
EndProject
Project("{FAE04EC0-301F-11D3-BF4B-00C04F79EFBC}") = "WinFormsApp1", "WinFormsApp1\WinFormsApp1.csproj", "{1256362F-60CE-4FB9-AC29-59EC3E6BB098}"
EndProject
Project("{B7DD6F7E-DEF8-4E67-B5B7-07EF123DB6F0}") = "Bootstrapper1", "Bootstrapper1\Bootstrapper1.wixproj", "{2DBB1C89-6A2C-4ADB-94D2-84EEA9FFC29E}"
EndProject
Project("{FAE04EC0-301F-11D3-BF4B-00C04F79EFBC}") = "WixToolset.WixBA", "WixToolset.WixBA\WixToolset.WixBA.csproj", "{E8FBF0F2-3118-434E-90CA-FB4D5AF5424E}"
EndProject
Project("{FAE04EC0-301F-11D3-BF4B-00C04F79EFBC}") = "InstallerUI", "InstallerUI\InstallerUI.csproj", "{F1AA5EE0-16D2-48FC-89E9-8E1437200573}"
EndProject
Global
	GlobalSection(SolutionConfigurationPlatforms) = preSolution
		Debug|Any CPU = Debug|Any CPU
		Debug|ARM64 = Debug|ARM64
		Debug|x64 = Debug|x64
		Debug|x86 = Debug|x86
		Release|Any CPU = Release|Any CPU
		Release|ARM64 = Release|ARM64
		Release|x64 = Release|x64
		Release|x86 = Release|x86
	EndGlobalSection
	GlobalSection(ProjectConfigurationPlatforms) = postSolution
		{9506887B-1039-4DA6-9C4A-347FFA4A4637}.Debug|Any CPU.ActiveCfg = Debug|x86
		{9506887B-1039-4DA6-9C4A-347FFA4A4637}.Debug|Any CPU.Build.0 = Debug|x86
		{9506887B-1039-4DA6-9C4A-347FFA4A4637}.Debug|ARM64.ActiveCfg = Debug|ARM64
		{9506887B-1039-4DA6-9C4A-347FFA4A4637}.Debug|ARM64.Build.0 = Debug|ARM64
		{9506887B-1039-4DA6-9C4A-347FFA4A4637}.Debug|x64.ActiveCfg = Debug|x64
		{9506887B-1039-4DA6-9C4A-347FFA4A4637}.Debug|x64.Build.0 = Debug|x64
		{9506887B-1039-4DA6-9C4A-347FFA4A4637}.Debug|x86.ActiveCfg = Debug|x86
		{9506887B-1039-4DA6-9C4A-347FFA4A4637}.Debug|x86.Build.0 = Debug|x86
		{9506887B-1039-4DA6-9C4A-347FFA4A4637}.Release|Any CPU.ActiveCfg = Release|x64
		{9506887B-1039-4DA6-9C4A-347FFA4A4637}.Release|Any CPU.Build.0 = Release|x64
		{9506887B-1039-4DA6-9C4A-347FFA4A4637}.Release|ARM64.ActiveCfg = Release|ARM64
		{9506887B-1039-4DA6-9C4A-347FFA4A4637}.Release|ARM64.Build.0 = Release|ARM64
		{9506887B-1039-4DA6-9C4A-347FFA4A4637}.Release|x64.ActiveCfg = Release|x64
		{9506887B-1039-4DA6-9C4A-347FFA4A4637}.Release|x64.Build.0 = Release|x64
		{9506887B-1039-4DA6-9C4A-347FFA4A4637}.Release|x86.ActiveCfg = Release|x86
		{9506887B-1039-4DA6-9C4A-347FFA4A4637}.Release|x86.Build.0 = Release|x86
		{1256362F-60CE-4FB9-AC29-59EC3E6BB098}.Debug|Any CPU.ActiveCfg = Debug|Any CPU
		{1256362F-60CE-4FB9-AC29-59EC3E6BB098}.Debug|Any CPU.Build.0 = Debug|Any CPU
		{1256362F-60CE-4FB9-AC29-59EC3E6BB098}.Debug|ARM64.ActiveCfg = Debug|Any CPU
		{1256362F-60CE-4FB9-AC29-59EC3E6BB098}.Debug|ARM64.Build.0 = Debug|Any CPU
		{1256362F-60CE-4FB9-AC29-59EC3E6BB098}.Debug|x64.ActiveCfg = Debug|Any CPU
		{1256362F-60CE-4FB9-AC29-59EC3E6BB098}.Debug|x64.Build.0 = Debug|Any CPU
		{1256362F-60CE-4FB9-AC29-59EC3E6BB098}.Debug|x86.ActiveCfg = Debug|Any CPU
		{1256362F-60CE-4FB9-AC29-59EC3E6BB098}.Debug|x86.Build.0 = Debug|Any CPU
		{1256362F-60CE-4FB9-AC29-59EC3E6BB098}.Release|Any CPU.ActiveCfg = Release|Any CPU
		{1256362F-60CE-4FB9-AC29-59EC3E6BB098}.Release|Any CPU.Build.0 = Release|Any CPU
		{1256362F-60CE-4FB9-AC29-59EC3E6BB098}.Release|ARM64.ActiveCfg = Release|Any CPU
		{1256362F-60CE-4FB9-AC29-59EC3E6BB098}.Release|ARM64.Build.0 = Release|Any CPU
		{1256362F-60CE-4FB9-AC29-59EC3E6BB098}.Release|x64.ActiveCfg = Release|Any CPU
		{1256362F-60CE-4FB9-AC29-59EC3E6BB098}.Release|x64.Build.0 = Release|Any CPU
		{1256362F-60CE-4FB9-AC29-59EC3E6BB098}.Release|x86.ActiveCfg = Release|Any CPU
		{1256362F-60CE-4FB9-AC29-59EC3E6BB098}.Release|x86.Build.0 = Release|Any CPU
		{2DBB1C89-6A2C-4ADB-94D2-84EEA9FFC29E}.Debug|Any CPU.ActiveCfg = Debug|x86
		{2DBB1C89-6A2C-4ADB-94D2-84EEA9FFC29E}.Debug|Any CPU.Build.0 = Debug|x86
		{2DBB1C89-6A2C-4ADB-94D2-84EEA9FFC29E}.Debug|ARM64.ActiveCfg = Debug|x86
		{2DBB1C89-6A2C-4ADB-94D2-84EEA9FFC29E}.Debug|ARM64.Build.0 = Debug|x86
		{2DBB1C89-6A2C-4ADB-94D2-84EEA9FFC29E}.Debug|x64.ActiveCfg = Debug|x86
		{2DBB1C89-6A2C-4ADB-94D2-84EEA9FFC29E}.Debug|x64.Build.0 = Debug|x86
		{2DBB1C89-6A2C-4ADB-94D2-84EEA9FFC29E}.Debug|x86.ActiveCfg = Debug|x86
		{2DBB1C89-6A2C-4ADB-94D2-84EEA9FFC29E}.Debug|x86.Build.0 = Debug|x86
		{2DBB1C89-6A2C-4ADB-94D2-84EEA9FFC29E}.Release|Any CPU.ActiveCfg = Release|x86
		{2DBB1C89-6A2C-4ADB-94D2-84EEA9FFC29E}.Release|Any CPU.Build.0 = Release|x86
		{2DBB1C89-6A2C-4ADB-94D2-84EEA9FFC29E}.Release|ARM64.ActiveCfg = Release|x86
		{2DBB1C89-6A2C-4ADB-94D2-84EEA9FFC29E}.Release|ARM64.Build.0 = Release|x86
		{2DBB1C89-6A2C-4ADB-94D2-84EEA9FFC29E}.Release|x64.ActiveCfg = Release|x86
		{2DBB1C89-6A2C-4ADB-94D2-84EEA9FFC29E}.Release|x64.Build.0 = Release|x86
		{2DBB1C89-6A2C-4ADB-94D2-84EEA9FFC29E}.Release|x86.ActiveCfg = Release|x86
		{2DBB1C89-6A2C-4ADB-94D2-84EEA9FFC29E}.Release|x86.Build.0 = Release|x86
		{E8FBF0F2-3118-434E-90CA-FB4D5AF5424E}.Debug|Any CPU.ActiveCfg = Debug|Any CPU
		{E8FBF0F2-3118-434E-90CA-FB4D5AF5424E}.Debug|Any CPU.Build.0 = Debug|Any CPU
		{E8FBF0F2-3118-434E-90CA-FB4D5AF5424E}.Debug|ARM64.ActiveCfg = Debug|Any CPU
		{E8FBF0F2-3118-434E-90CA-FB4D5AF5424E}.Debug|ARM64.Build.0 = Debug|Any CPU
		{E8FBF0F2-3118-434E-90CA-FB4D5AF5424E}.Debug|x64.ActiveCfg = Debug|Any CPU
		{E8FBF0F2-3118-434E-90CA-FB4D5AF5424E}.Debug|x64.Build.0 = Debug|Any CPU
		{E8FBF0F2-3118-434E-90CA-FB4D5AF5424E}.Debug|x86.ActiveCfg = Debug|Any CPU
		{E8FBF0F2-3118-434E-90CA-FB4D5AF5424E}.Debug|x86.Build.0 = Debug|Any CPU
		{E8FBF0F2-3118-434E-90CA-FB4D5AF5424E}.Release|Any CPU.ActiveCfg = Release|Any CPU
		{E8FBF0F2-3118-434E-90CA-FB4D5AF5424E}.Release|Any CPU.Build.0 = Release|Any CPU
		{E8FBF0F2-3118-434E-90CA-FB4D5AF5424E}.Release|ARM64.ActiveCfg = Release|Any CPU
		{E8FBF0F2-3118-434E-90CA-FB4D5AF5424E}.Release|ARM64.Build.0 = Release|Any CPU
		{E8FBF0F2-3118-434E-90CA-FB4D5AF5424E}.Release|x64.ActiveCfg = Release|Any CPU
		{E8FBF0F2-3118-434E-90CA-FB4D5AF5424E}.Release|x64.Build.0 = Release|Any CPU
		{E8FBF0F2-3118-434E-90CA-FB4D5AF5424E}.Release|x86.ActiveCfg = Release|Any CPU
		{E8FBF0F2-3118-434E-90CA-FB4D5AF5424E}.Release|x86.Build.0 = Release|Any CPU
		{F1AA5EE0-16D2-48FC-89E9-8E1437200573}.Debug|Any CPU.ActiveCfg = Debug|Any CPU
		{F1AA5EE0-16D2-48FC-89E9-8E1437200573}.Debug|Any CPU.Build.0 = Debug|Any CPU
		{F1AA5EE0-16D2-48FC-89E9-8E1437200573}.Debug|ARM64.ActiveCfg = Debug|Any CPU
		{F1AA5EE0-16D2-48FC-89E9-8E1437200573}.Debug|ARM64.Build.0 = Debug|Any CPU
		{F1AA5EE0-16D2-48FC-89E9-8E1437200573}.Debug|x64.ActiveCfg = Debug|Any CPU
		{F1AA5EE0-16D2-48FC-89E9-8E1437200573}.Debug|x64.Build.0 = Debug|Any CPU
		{F1AA5EE0-16D2-48FC-89E9-8E1437200573}.Debug|x86.ActiveCfg = Debug|x86
		{F1AA5EE0-16D2-48FC-89E9-8E1437200573}.Debug|x86.Build.0 = Debug|x86
		{F1AA5EE0-16D2-48FC-89E9-8E1437200573}.Release|Any CPU.ActiveCfg = Release|Any CPU
		{F1AA5EE0-16D2-48FC-89E9-8E1437200573}.Release|Any CPU.Build.0 = Release|Any CPU
		{F1AA5EE0-16D2-48FC-89E9-8E1437200573}.Release|ARM64.ActiveCfg = Release|Any CPU
		{F1AA5EE0-16D2-48FC-89E9-8E1437200573}.Release|ARM64.Build.0 = Release|Any CPU
		{F1AA5EE0-16D2-48FC-89E9-8E1437200573}.Release|x64.ActiveCfg = Release|Any CPU
		{F1AA5EE0-16D2-48FC-89E9-8E1437200573}.Release|x64.Build.0 = Release|Any CPU
		{F1AA5EE0-16D2-48FC-89E9-8E1437200573}.Release|x86.ActiveCfg = Release|x86
		{F1AA5EE0-16D2-48FC-89E9-8E1437200573}.Release|x86.Build.0 = Release|x86
	EndGlobalSection
	GlobalSection(SolutionProperties) = preSolution
		HideSolutionNode = FALSE
	EndGlobalSection
EndGlobal
